{
  "pins" : [
    {
      "identity" : "javascriptkit",
      "kind" : "remoteSourceControl",
      "location" : "https://github.com/Grubl0rd/JavaScriptKit.git",
      "state" : {
        "branch" : "main",
        "revision" : "8e79a170d7c394cc539a87f64186f56def25ddce"
      }
    },
    {
      "identity" : "opencombine",
      "kind" : "remoteSourceControl",
      "location" : "https://github.com/OpenCombine/OpenCombine.git",
      "state" : {
        "branch" : "master",
        "revision" : "1c6f02c7ed8140c0ba7a783aaddb6e0685a0037b"
      }
    }
  ],
  "version" : 2
}
